PODS:
  - Alamofire (4.5.0)
  - Charts (3.0.2):
    - Charts/Core (= 3.0.2)
  - Charts/Core (3.0.2)
  - OneSignal (2.5.4)
  - Planet (0.2.1)
  - SwiftyJSON (3.1.4)
  - Timepiece (1.2.0)

DEPENDENCIES:
  - Alamofire
  - Charts
  - OneSignal
  - Planet
  - SwiftyJSON
  - Timepiece

SPEC CHECKSUMS:
  Alamofire: f28cdffd29de33a7bfa022cbd63ae95a27fae140
  Charts: 236d6ccdd0ce6feae151d89e829a7397381a21fd
  OneSignal: da994bcf6a2efbdceaf71e389e1d05245c562899
  Planet: d1e50cda481a5215e4beb40b0ef825edcea47aea
  SwiftyJSON: c2842d878f95482ffceec5709abc3d05680c0220
  Timepiece: d07900e985af4911f09146f1175fdbec37944836

PODFILE CHECKSUM: 3b5f12a5e91c8d5671d4639f2a6a7aa7cc32cb6d

COCOAPODS: 1.2.0
