// !$*UTF8*$!
{
	archiveVersion = 1;
	classes = {
	};
	objectVersion = 46;
	objects = {

/* Begin PBXBuildFile section */
		114125D218F4F3BD382CFEAD /* Pods_EconoApp.framework in Frameworks */ = {isa = PBXBuildFile; fileRef = 140E0A2DCFF32BC255C5BDE1 /* Pods_EconoApp.framework */; };
		8102B3A71EF9CA0200EACA31 /* LaborViewController.swift in Sources */ = {isa = PBXBuildFile; fileRef = 8102B3A61EF9CA0200EACA31 /* LaborViewController.swift */; };
		810788971EF0983A00A1B8E0 /* ChartView+Extensions.swift in Sources */ = {isa = PBXBuildFile; fileRef = 810788961EF0983A00A1B8E0 /* ChartView+Extensions.swift */; };
		8107889A1EF0D49F00A1B8E0 /* InterestViewController.swift in Sources */ = {isa = PBXBuildFile; fileRef = 810788991EF0D49F00A1B8E0 /* InterestViewController.swift */; };
		813CE3061ED3FF6400CC0070 /* HTMLReaper.swift in Sources */ = {isa = PBXBuildFile; fileRef = 813CE3051ED3FF6400CC0070 /* HTMLReaper.swift */; };
		8142A0D41ED77E78007EE416 /* ActivityProgressLabel.swift in Sources */ = {isa = PBXBuildFile; fileRef = 8142A0D31ED77E78007EE416 /* ActivityProgressLabel.swift */; };
		8142A0D61ED7859A007EE416 /* BaseInfoViewController.swift in Sources */ = {isa = PBXBuildFile; fileRef = 8142A0D51ED7859A007EE416 /* BaseInfoViewController.swift */; };
		8142A0D81ED78B59007EE416 /* InflationViewController.swift in Sources */ = {isa = PBXBuildFile; fileRef = 8142A0D71ED78B59007EE416 /* InflationViewController.swift */; };
		8142A0DA1ED792B2007EE416 /* UITableView+Extensions.swift in Sources */ = {isa = PBXBuildFile; fileRef = 8142A0D91ED792B2007EE416 /* UITableView+Extensions.swift */; };
		8144CB211EFC2F5F001952D7 /* MinimumWageViewController.swift in Sources */ = {isa = PBXBuildFile; fileRef = 8144CB201EFC2F5F001952D7 /* MinimumWageViewController.swift */; };
		8144CB391EFC5090001952D7 /* Localizable.strings in Resources */ = {isa = PBXBuildFile; fileRef = 8144CB371EFC5090001952D7 /* Localizable.strings */; };
		816DD8961ED5FDB000CCB12F /* GDPViewController.swift in Sources */ = {isa = PBXBuildFile; fileRef = 816DD8951ED5FDB000CCB12F /* GDPViewController.swift */; };
		816DD8981ED609E900CCB12F /* Double+Extensions.swift in Sources */ = {isa = PBXBuildFile; fileRef = 816DD8971ED609E900CCB12F /* Double+Extensions.swift */; };
		8179DB841EF9E2F9001525AF /* BaseHomeViewController.swift in Sources */ = {isa = PBXBuildFile; fileRef = 8179DB831EF9E2F9001525AF /* BaseHomeViewController.swift */; };
		8182E80E1EFB099900FCA387 /* UnemploymentViewController.swift in Sources */ = {isa = PBXBuildFile; fileRef = 8182E80D1EFB099900FCA387 /* UnemploymentViewController.swift */; };
		8182E8121EFB25D700FCA387 /* GenericInfo.swift in Sources */ = {isa = PBXBuildFile; fileRef = 8182E8111EFB25D700FCA387 /* GenericInfo.swift */; };
		818C75691ED3FE41006FA2E2 /* AppDelegate.swift in Sources */ = {isa = PBXBuildFile; fileRef = 818C75681ED3FE41006FA2E2 /* AppDelegate.swift */; };
		818C756B1ED3FE41006FA2E2 /* HomeController.swift in Sources */ = {isa = PBXBuildFile; fileRef = 818C756A1ED3FE41006FA2E2 /* HomeController.swift */; };
		818C75701ED3FE41006FA2E2 /* Assets.xcassets in Resources */ = {isa = PBXBuildFile; fileRef = 818C756F1ED3FE41006FA2E2 /* Assets.xcassets */; };
		818C75731ED3FE41006FA2E2 /* LaunchScreen.storyboard in Resources */ = {isa = PBXBuildFile; fileRef = 818C75711ED3FE41006FA2E2 /* LaunchScreen.storyboard */; };
		81BBE2391ED47CB800F6E736 /* SELIC.swift in Sources */ = {isa = PBXBuildFile; fileRef = 81BBE2381ED47CB800F6E736 /* SELIC.swift */; };
		81BBE23B1ED48FD900F6E736 /* SidraAPI.swift in Sources */ = {isa = PBXBuildFile; fileRef = 81BBE23A1ED48FD900F6E736 /* SidraAPI.swift */; };
		81D2E2DD1EFDD41100DCD743 /* PhoneHeights.swift in Sources */ = {isa = PBXBuildFile; fileRef = 81D2E2DC1EFDD41100DCD743 /* PhoneHeights.swift */; };
		81F9BE761ED6216400A570C7 /* UILabel+Extensions.swift in Sources */ = {isa = PBXBuildFile; fileRef = 81F9BE751ED6216400A570C7 /* UILabel+Extensions.swift */; };
		81F9BE781ED6243500A570C7 /* GDPPerCapitaViewController.swift in Sources */ = {isa = PBXBuildFile; fileRef = 81F9BE771ED6243500A570C7 /* GDPPerCapitaViewController.swift */; };
		81F9BE7A1ED62DFD00A570C7 /* BaseTableViewCell.swift in Sources */ = {isa = PBXBuildFile; fileRef = 81F9BE791ED62DFD00A570C7 /* BaseTableViewCell.swift */; };
		81FE5F431ED4A8AA00F29312 /* MinimumWageBrazil.swift in Sources */ = {isa = PBXBuildFile; fileRef = 81FE5F421ED4A8AA00F29312 /* MinimumWageBrazil.swift */; };
		81FE5F451ED4ADB800F29312 /* String+Extensions.swift in Sources */ = {isa = PBXBuildFile; fileRef = 81FE5F441ED4ADB800F29312 /* String+Extensions.swift */; };
		81FE5F471ED4B91E00F29312 /* WorldBankAPI.swift in Sources */ = {isa = PBXBuildFile; fileRef = 81FE5F461ED4B91E00F29312 /* WorldBankAPI.swift */; };
		81FE5F491ED4D0FE00F29312 /* UIView+Extensions.swift in Sources */ = {isa = PBXBuildFile; fileRef = 81FE5F481ED4D0FE00F29312 /* UIView+Extensions.swift */; };
		81FE5F4B1ED4D35500F29312 /* HomeMenuTableViewCell.swift in Sources */ = {isa = PBXBuildFile; fileRef = 81FE5F4A1ED4D35500F29312 /* HomeMenuTableViewCell.swift */; };
		81FE5F4D1ED4DAB200F29312 /* UIColor+Extensions.swift in Sources */ = {isa = PBXBuildFile; fileRef = 81FE5F4C1ED4DAB200F29312 /* UIColor+Extensions.swift */; };
		81FE5F511ED4ECEC00F29312 /* CircularTransition.swift in Sources */ = {isa = PBXBuildFile; fileRef = 81FE5F501ED4ECEC00F29312 /* CircularTransition.swift */; };
		81FE5F551ED4F45E00F29312 /* UIViewController+Extensions.swift in Sources */ = {isa = PBXBuildFile; fileRef = 81FE5F541ED4F45E00F29312 /* UIViewController+Extensions.swift */; };
		81FE5F571ED4F55200F29312 /* UIImage+Extensions.swift in Sources */ = {isa = PBXBuildFile; fileRef = 81FE5F561ED4F55200F29312 /* UIImage+Extensions.swift */; };
/* End PBXBuildFile section */

/* Begin PBXFileReference section */
		0091FCD1819E53CE2D883199 /* Pods-EconoApp.debug.xcconfig */ = {isa = PBXFileReference; includeInIndex = 1; lastKnownFileType = text.xcconfig; name = "Pods-EconoApp.debug.xcconfig"; path = "Pods/Target Support Files/Pods-EconoApp/Pods-EconoApp.debug.xcconfig"; sourceTree = "<group>"; };
		140E0A2DCFF32BC255C5BDE1 /* Pods_EconoApp.framework */ = {isa = PBXFileReference; explicitFileType = wrapper.framework; includeInIndex = 0; path = Pods_EconoApp.framework; sourceTree = BUILT_PRODUCTS_DIR; };
		60A55B90272040602560275F /* Pods-EconoApp.release.xcconfig */ = {isa = PBXFileReference; includeInIndex = 1; lastKnownFileType = text.xcconfig; name = "Pods-EconoApp.release.xcconfig"; path = "Pods/Target Support Files/Pods-EconoApp/Pods-EconoApp.release.xcconfig"; sourceTree = "<group>"; };
		8102B3A61EF9CA0200EACA31 /* LaborViewController.swift */ = {isa = PBXFileReference; lastKnownFileType = sourcecode.swift; path = LaborViewController.swift; sourceTree = "<group>"; };
		810788961EF0983A00A1B8E0 /* ChartView+Extensions.swift */ = {isa = PBXFileReference; lastKnownFileType = sourcecode.swift; path = "ChartView+Extensions.swift"; sourceTree = "<group>"; };
		810788981EF099E000A1B8E0 /* EconoApp.entitlements */ = {isa = PBXFileReference; lastKnownFileType = text.plist.entitlements; path = EconoApp.entitlements; sourceTree = "<group>"; };
		810788991EF0D49F00A1B8E0 /* InterestViewController.swift */ = {isa = PBXFileReference; lastKnownFileType = sourcecode.swift; path = InterestViewController.swift; sourceTree = "<group>"; };
		813CE3051ED3FF6400CC0070 /* HTMLReaper.swift */ = {isa = PBXFileReference; fileEncoding = 4; lastKnownFileType = sourcecode.swift; path = HTMLReaper.swift; sourceTree = "<group>"; };
		8142A0D31ED77E78007EE416 /* ActivityProgressLabel.swift */ = {isa = PBXFileReference; fileEncoding = 4; lastKnownFileType = sourcecode.swift; path = ActivityProgressLabel.swift; sourceTree = "<group>"; };
		8142A0D51ED7859A007EE416 /* BaseInfoViewController.swift */ = {isa = PBXFileReference; fileEncoding = 4; lastKnownFileType = sourcecode.swift; path = BaseInfoViewController.swift; sourceTree = "<group>"; };
		8142A0D71ED78B59007EE416 /* InflationViewController.swift */ = {isa = PBXFileReference; fileEncoding = 4; lastKnownFileType = sourcecode.swift; path = InflationViewController.swift; sourceTree = "<group>"; };
		8142A0D91ED792B2007EE416 /* UITableView+Extensions.swift */ = {isa = PBXFileReference; fileEncoding = 4; lastKnownFileType = sourcecode.swift; path = "UITableView+Extensions.swift"; sourceTree = "<group>"; };
		8144CB201EFC2F5F001952D7 /* MinimumWageViewController.swift */ = {isa = PBXFileReference; lastKnownFileType = sourcecode.swift; path = MinimumWageViewController.swift; sourceTree = "<group>"; };
		8144CB231EFC4BCF001952D7 /* pt-BR */ = {isa = PBXFileReference; lastKnownFileType = text.plist.strings; name = "pt-BR"; path = "pt-BR.lproj/LaunchScreen.strings"; sourceTree = "<group>"; };
		8144CB381EFC5090001952D7 /* pt-BR */ = {isa = PBXFileReference; lastKnownFileType = text.plist.strings; name = "pt-BR"; path = "pt-BR.lproj/Localizable.strings"; sourceTree = "<group>"; };
		8144CB3A1EFC520A001952D7 /* pt-PT */ = {isa = PBXFileReference; lastKnownFileType = text.plist.strings; name = "pt-PT"; path = "pt-PT.lproj/LaunchScreen.strings"; sourceTree = "<group>"; };
		8144CB3B1EFC520A001952D7 /* pt-PT */ = {isa = PBXFileReference; lastKnownFileType = text.plist.strings; name = "pt-PT"; path = "pt-PT.lproj/Localizable.strings"; sourceTree = "<group>"; };
		8144CB3C1EFC527A001952D7 /* fr */ = {isa = PBXFileReference; lastKnownFileType = text.plist.strings; name = fr; path = fr.lproj/LaunchScreen.strings; sourceTree = "<group>"; };
		8144CB3D1EFC527A001952D7 /* fr */ = {isa = PBXFileReference; lastKnownFileType = text.plist.strings; name = fr; path = fr.lproj/Localizable.strings; sourceTree = "<group>"; };
		8144CB3E1EFC5338001952D7 /* es */ = {isa = PBXFileReference; lastKnownFileType = text.plist.strings; name = es; path = es.lproj/LaunchScreen.strings; sourceTree = "<group>"; };
		8144CB3F1EFC5338001952D7 /* es */ = {isa = PBXFileReference; lastKnownFileType = text.plist.strings; name = es; path = es.lproj/Localizable.strings; sourceTree = "<group>"; };
		8144CB401EFC53A6001952D7 /* de */ = {isa = PBXFileReference; lastKnownFileType = text.plist.strings; name = de; path = de.lproj/LaunchScreen.strings; sourceTree = "<group>"; };
		8144CB411EFC53A6001952D7 /* de */ = {isa = PBXFileReference; lastKnownFileType = text.plist.strings; name = de; path = de.lproj/Localizable.strings; sourceTree = "<group>"; };
		8144CB421EFC5478001952D7 /* it */ = {isa = PBXFileReference; lastKnownFileType = text.plist.strings; name = it; path = it.lproj/LaunchScreen.strings; sourceTree = "<group>"; };
		8144CB431EFC5479001952D7 /* it */ = {isa = PBXFileReference; lastKnownFileType = text.plist.strings; name = it; path = it.lproj/Localizable.strings; sourceTree = "<group>"; };
		816DD8951ED5FDB000CCB12F /* GDPViewController.swift */ = {isa = PBXFileReference; fileEncoding = 4; lastKnownFileType = sourcecode.swift; path = GDPViewController.swift; sourceTree = "<group>"; };
		816DD8971ED609E900CCB12F /* Double+Extensions.swift */ = {isa = PBXFileReference; fileEncoding = 4; lastKnownFileType = sourcecode.swift; path = "Double+Extensions.swift"; sourceTree = "<group>"; };
		8179DB831EF9E2F9001525AF /* BaseHomeViewController.swift */ = {isa = PBXFileReference; lastKnownFileType = sourcecode.swift; path = BaseHomeViewController.swift; sourceTree = "<group>"; };
		8182E80D1EFB099900FCA387 /* UnemploymentViewController.swift */ = {isa = PBXFileReference; lastKnownFileType = sourcecode.swift; path = UnemploymentViewController.swift; sourceTree = "<group>"; };
		8182E8111EFB25D700FCA387 /* GenericInfo.swift */ = {isa = PBXFileReference; lastKnownFileType = sourcecode.swift; path = GenericInfo.swift; sourceTree = "<group>"; };
		818C75651ED3FE41006FA2E2 /* EconoApp.app */ = {isa = PBXFileReference; explicitFileType = wrapper.application; includeInIndex = 0; path = EconoApp.app; sourceTree = BUILT_PRODUCTS_DIR; };
		818C75681ED3FE41006FA2E2 /* AppDelegate.swift */ = {isa = PBXFileReference; lastKnownFileType = sourcecode.swift; path = AppDelegate.swift; sourceTree = "<group>"; };
		818C756A1ED3FE41006FA2E2 /* HomeController.swift */ = {isa = PBXFileReference; lastKnownFileType = sourcecode.swift; path = HomeController.swift; sourceTree = "<group>"; };
		818C756F1ED3FE41006FA2E2 /* Assets.xcassets */ = {isa = PBXFileReference; lastKnownFileType = folder.assetcatalog; path = Assets.xcassets; sourceTree = "<group>"; };
		818C75721ED3FE41006FA2E2 /* Base */ = {isa = PBXFileReference; lastKnownFileType = file.storyboard; name = Base; path = Base.lproj/LaunchScreen.storyboard; sourceTree = "<group>"; };
		818C75741ED3FE41006FA2E2 /* Info.plist */ = {isa = PBXFileReference; lastKnownFileType = text.plist.xml; path = Info.plist; sourceTree = "<group>"; };
		81BBE2381ED47CB800F6E736 /* SELIC.swift */ = {isa = PBXFileReference; fileEncoding = 4; lastKnownFileType = sourcecode.swift; path = SELIC.swift; sourceTree = "<group>"; };
		81BBE23A1ED48FD900F6E736 /* SidraAPI.swift */ = {isa = PBXFileReference; fileEncoding = 4; lastKnownFileType = sourcecode.swift; path = SidraAPI.swift; sourceTree = "<group>"; };
		81D2E2DC1EFDD41100DCD743 /* PhoneHeights.swift */ = {isa = PBXFileReference; lastKnownFileType = sourcecode.swift; path = PhoneHeights.swift; sourceTree = "<group>"; };
		81F9BE751ED6216400A570C7 /* UILabel+Extensions.swift */ = {isa = PBXFileReference; fileEncoding = 4; lastKnownFileType = sourcecode.swift; path = "UILabel+Extensions.swift"; sourceTree = "<group>"; };
		81F9BE771ED6243500A570C7 /* GDPPerCapitaViewController.swift */ = {isa = PBXFileReference; fileEncoding = 4; lastKnownFileType = sourcecode.swift; path = GDPPerCapitaViewController.swift; sourceTree = "<group>"; };
		81F9BE791ED62DFD00A570C7 /* BaseTableViewCell.swift */ = {isa = PBXFileReference; fileEncoding = 4; lastKnownFileType = sourcecode.swift; path = BaseTableViewCell.swift; sourceTree = "<group>"; };
		81FE5F421ED4A8AA00F29312 /* MinimumWageBrazil.swift */ = {isa = PBXFileReference; fileEncoding = 4; lastKnownFileType = sourcecode.swift; path = MinimumWageBrazil.swift; sourceTree = "<group>"; };
		81FE5F441ED4ADB800F29312 /* String+Extensions.swift */ = {isa = PBXFileReference; fileEncoding = 4; lastKnownFileType = sourcecode.swift; path = "String+Extensions.swift"; sourceTree = "<group>"; };
		81FE5F461ED4B91E00F29312 /* WorldBankAPI.swift */ = {isa = PBXFileReference; fileEncoding = 4; lastKnownFileType = sourcecode.swift; path = WorldBankAPI.swift; sourceTree = "<group>"; };
		81FE5F481ED4D0FE00F29312 /* UIView+Extensions.swift */ = {isa = PBXFileReference; fileEncoding = 4; lastKnownFileType = sourcecode.swift; path = "UIView+Extensions.swift"; sourceTree = "<group>"; };
		81FE5F4A1ED4D35500F29312 /* HomeMenuTableViewCell.swift */ = {isa = PBXFileReference; fileEncoding = 4; lastKnownFileType = sourcecode.swift; path = HomeMenuTableViewCell.swift; sourceTree = "<group>"; };
		81FE5F4C1ED4DAB200F29312 /* UIColor+Extensions.swift */ = {isa = PBXFileReference; fileEncoding = 4; lastKnownFileType = sourcecode.swift; path = "UIColor+Extensions.swift"; sourceTree = "<group>"; };
		81FE5F501ED4ECEC00F29312 /* CircularTransition.swift */ = {isa = PBXFileReference; fileEncoding = 4; lastKnownFileType = sourcecode.swift; path = CircularTransition.swift; sourceTree = "<group>"; };
		81FE5F541ED4F45E00F29312 /* UIViewController+Extensions.swift */ = {isa = PBXFileReference; fileEncoding = 4; lastKnownFileType = sourcecode.swift; path = "UIViewController+Extensions.swift"; sourceTree = "<group>"; };
		81FE5F561ED4F55200F29312 /* UIImage+Extensions.swift */ = {isa = PBXFileReference; fileEncoding = 4; lastKnownFileType = sourcecode.swift; path = "UIImage+Extensions.swift"; sourceTree = "<group>"; };
/* End PBXFileReference section */

/* Begin PBXFrameworksBuildPhase section */
		818C75621ED3FE41006FA2E2 /* Frameworks */ = {
			isa = PBXFrameworksBuildPhase;
			buildActionMask = 2147483647;
			files = (
				114125D218F4F3BD382CFEAD /* Pods_EconoApp.framework in Frameworks */,
			);
			runOnlyForDeploymentPostprocessing = 0;
		};
/* End PBXFrameworksBuildPhase section */

/* Begin PBXGroup section */
		2E0751B6C006C317B2D5AAA8 /* Frameworks */ = {
			isa = PBXGroup;
			children = (
				140E0A2DCFF32BC255C5BDE1 /* Pods_EconoApp.framework */,
			);
			name = Frameworks;
			sourceTree = "<group>";
		};
		816DD8901ED5D8AD00CCB12F /* Extensions */ = {
			isa = PBXGroup;
			children = (
				81FE5F441ED4ADB800F29312 /* String+Extensions.swift */,
				816DD8971ED609E900CCB12F /* Double+Extensions.swift */,
				81FE5F481ED4D0FE00F29312 /* UIView+Extensions.swift */,
				81FE5F4C1ED4DAB200F29312 /* UIColor+Extensions.swift */,
				81FE5F561ED4F55200F29312 /* UIImage+Extensions.swift */,
				81F9BE751ED6216400A570C7 /* UILabel+Extensions.swift */,
				8142A0D91ED792B2007EE416 /* UITableView+Extensions.swift */,
				81FE5F541ED4F45E00F29312 /* UIViewController+Extensions.swift */,
				810788961EF0983A00A1B8E0 /* ChartView+Extensions.swift */,
			);
			name = Extensions;
			sourceTree = "<group>";
		};
		816DD8911ED5D8C500CCB12F /* Model */ = {
			isa = PBXGroup;
			children = (
				81FE5F421ED4A8AA00F29312 /* MinimumWageBrazil.swift */,
				81BBE2381ED47CB800F6E736 /* SELIC.swift */,
				8182E8111EFB25D700FCA387 /* GenericInfo.swift */,
			);
			name = Model;
			sourceTree = "<group>";
		};
		816DD8921ED5D8CE00CCB12F /* REST Requests */ = {
			isa = PBXGroup;
			children = (
				813CE3051ED3FF6400CC0070 /* HTMLReaper.swift */,
				81BBE23A1ED48FD900F6E736 /* SidraAPI.swift */,
				81FE5F461ED4B91E00F29312 /* WorldBankAPI.swift */,
			);
			name = "REST Requests";
			sourceTree = "<group>";
		};
		816DD8931ED5D8EC00CCB12F /* View */ = {
			isa = PBXGroup;
			children = (
				81FE5F501ED4ECEC00F29312 /* CircularTransition.swift */,
				8142A0D31ED77E78007EE416 /* ActivityProgressLabel.swift */,
				81FE5F4A1ED4D35500F29312 /* HomeMenuTableViewCell.swift */,
				81F9BE791ED62DFD00A570C7 /* BaseTableViewCell.swift */,
			);
			name = View;
			sourceTree = "<group>";
		};
		816DD8941ED5D8F200CCB12F /* Controller */ = {
			isa = PBXGroup;
			children = (
				81B2B0951EFC2BD1008916BE /* Base View Controllers */,
				818C756A1ED3FE41006FA2E2 /* HomeController.swift */,
				8102B3A61EF9CA0200EACA31 /* LaborViewController.swift */,
				816DD8951ED5FDB000CCB12F /* GDPViewController.swift */,
				81F9BE771ED6243500A570C7 /* GDPPerCapitaViewController.swift */,
				810788991EF0D49F00A1B8E0 /* InterestViewController.swift */,
				8142A0D71ED78B59007EE416 /* InflationViewController.swift */,
				8182E80D1EFB099900FCA387 /* UnemploymentViewController.swift */,
				8144CB201EFC2F5F001952D7 /* MinimumWageViewController.swift */,
			);
			name = Controller;
			sourceTree = "<group>";
		};
		818C755C1ED3FE40006FA2E2 = {
			isa = PBXGroup;
			children = (
				818C75671ED3FE41006FA2E2 /* EconoApp */,
				818C75661ED3FE41006FA2E2 /* Products */,
				FC6A83578E8E647F87E064C1 /* Pods */,
				2E0751B6C006C317B2D5AAA8 /* Frameworks */,
			);
			sourceTree = "<group>";
		};
		818C75661ED3FE41006FA2E2 /* Products */ = {
			isa = PBXGroup;
			children = (
				818C75651ED3FE41006FA2E2 /* EconoApp.app */,
			);
			name = Products;
			sourceTree = "<group>";
		};
		818C75671ED3FE41006FA2E2 /* EconoApp */ = {
			isa = PBXGroup;
			children = (
				810788981EF099E000A1B8E0 /* EconoApp.entitlements */,
				818C75681ED3FE41006FA2E2 /* AppDelegate.swift */,
				816DD8911ED5D8C500CCB12F /* Model */,
				816DD8931ED5D8EC00CCB12F /* View */,
				816DD8941ED5D8F200CCB12F /* Controller */,
				816DD8921ED5D8CE00CCB12F /* REST Requests */,
				816DD8901ED5D8AD00CCB12F /* Extensions */,
				81D2E2DE1EFDD42200DCD743 /* Utilities */,
				818C756F1ED3FE41006FA2E2 /* Assets.xcassets */,
				818C75711ED3FE41006FA2E2 /* LaunchScreen.storyboard */,
				818C75741ED3FE41006FA2E2 /* Info.plist */,
				8144CB371EFC5090001952D7 /* Localizable.strings */,
			);
			path = EconoApp;
			sourceTree = "<group>";
		};
		81B2B0951EFC2BD1008916BE /* Base View Controllers */ = {
			isa = PBXGroup;
			children = (
				8179DB831EF9E2F9001525AF /* BaseHomeViewController.swift */,
				8142A0D51ED7859A007EE416 /* BaseInfoViewController.swift */,
			);
			name = "Base View Controllers";
			sourceTree = "<group>";
		};
		81D2E2DE1EFDD42200DCD743 /* Utilities */ = {
			isa = PBXGroup;
			children = (
				81D2E2DC1EFDD41100DCD743 /* PhoneHeights.swift */,
			);
			path = Utilities;
			sourceTree = "<group>";
		};
		FC6A83578E8E647F87E064C1 /* Pods */ = {
			isa = PBXGroup;
			children = (
				0091FCD1819E53CE2D883199 /* Pods-EconoApp.debug.xcconfig */,
				60A55B90272040602560275F /* Pods-EconoApp.release.xcconfig */,
			);
			name = Pods;
			sourceTree = "<group>";
		};
/* End PBXGroup section */

/* Begin PBXNativeTarget section */
		818C75641ED3FE41006FA2E2 /* EconoApp */ = {
			isa = PBXNativeTarget;
			buildConfigurationList = 818C75771ED3FE41006FA2E2 /* Build configuration list for PBXNativeTarget "EconoApp" */;
			buildPhases = (
				3868735B673B3825C8A22D8D /* [CP] Check Pods Manifest.lock */,
				818C75611ED3FE41006FA2E2 /* Sources */,
				818C75621ED3FE41006FA2E2 /* Frameworks */,
				818C75631ED3FE41006FA2E2 /* Resources */,
				763A1918D63C72679DADC17E /* [CP] Embed Pods Frameworks */,
				D2E0583780B9EA7123C3A1F9 /* [CP] Copy Pods Resources */,
			);
			buildRules = (
			);
			dependencies = (
			);
			name = EconoApp;
			productName = EconoApp;
			productReference = 818C75651ED3FE41006FA2E2 /* EconoApp.app */;
			productType = "com.apple.product-type.application";
		};
/* End PBXNativeTarget section */

/* Begin PBXProject section */
		818C755D1ED3FE40006FA2E2 /* Project object */ = {
			isa = PBXProject;
			attributes = {
				LastSwiftUpdateCheck = 0830;
				LastUpgradeCheck = 0900;
				ORGANIZATIONNAME = "Vinicius Vieira";
				TargetAttributes = {
					818C75641ED3FE41006FA2E2 = {
						CreatedOnToolsVersion = 8.3.2;
						DevelopmentTeam = VM6ZEZJCFF;
						ProvisioningStyle = Automatic;
						SystemCapabilities = {
							com.apple.BackgroundModes = {
								enabled = 1;
							};
							com.apple.Push = {
								enabled = 1;
							};
						};
					};
				};
			};
			buildConfigurationList = 818C75601ED3FE40006FA2E2 /* Build configuration list for PBXProject "EconoApp" */;
			compatibilityVersion = "Xcode 3.2";
			developmentRegion = English;
			hasScannedForEncodings = 0;
			knownRegions = (
				en,
				Base,
				"pt-BR",
				"pt-PT",
				fr,
				es,
				de,
				it,
			);
			mainGroup = 818C755C1ED3FE40006FA2E2;
			productRefGroup = 818C75661ED3FE41006FA2E2 /* Products */;
			projectDirPath = "";
			projectRoot = "";
			targets = (
				818C75641ED3FE41006FA2E2 /* EconoApp */,
			);
		};
/* End PBXProject section */

/* Begin PBXResourcesBuildPhase section */
		818C75631ED3FE41006FA2E2 /* Resources */ = {
			isa = PBXResourcesBuildPhase;
			buildActionMask = 2147483647;
			files = (
				818C75731ED3FE41006FA2E2 /* LaunchScreen.storyboard in Resources */,
				8144CB391EFC5090001952D7 /* Localizable.strings in Resources */,
				818C75701ED3FE41006FA2E2 /* Assets.xcassets in Resources */,
			);
			runOnlyForDeploymentPostprocessing = 0;
		};
/* End PBXResourcesBuildPhase section */

/* Begin PBXShellScriptBuildPhase section */
		3868735B673B3825C8A22D8D /* [CP] Check Pods Manifest.lock */ = {
			isa = PBXShellScriptBuildPhase;
			buildActionMask = 2147483647;
			files = (
			);
			inputPaths = (
			);
			name = "[CP] Check Pods Manifest.lock";
			outputPaths = (
			);
			runOnlyForDeploymentPostprocessing = 0;
			shellPath = /bin/sh;
			shellScript = "diff \"${PODS_ROOT}/../Podfile.lock\" \"${PODS_ROOT}/Manifest.lock\" > /dev/null\nif [ $? != 0 ] ; then\n    # print error to STDERR\n    echo \"error: The sandbox is not in sync with the Podfile.lock. Run 'pod install' or update your CocoaPods installation.\" >&2\n    exit 1\nfi\n";
			showEnvVarsInLog = 0;
		};
		763A1918D63C72679DADC17E /* [CP] Embed Pods Frameworks */ = {
			isa = PBXShellScriptBuildPhase;
			buildActionMask = 2147483647;
			files = (
			);
			inputPaths = (
			);
			name = "[CP] Embed Pods Frameworks";
			outputPaths = (
			);
			runOnlyForDeploymentPostprocessing = 0;
			shellPath = /bin/sh;
			shellScript = "\"${SRCROOT}/Pods/Target Support Files/Pods-EconoApp/Pods-EconoApp-frameworks.sh\"\n";
			showEnvVarsInLog = 0;
		};
		D2E0583780B9EA7123C3A1F9 /* [CP] Copy Pods Resources */ = {
			isa = PBXShellScriptBuildPhase;
			buildActionMask = 2147483647;
			files = (
			);
			inputPaths = (
			);
			name = "[CP] Copy Pods Resources";
			outputPaths = (
			);
			runOnlyForDeploymentPostprocessing = 0;
			shellPath = /bin/sh;
			shellScript = "\"${SRCROOT}/Pods/Target Support Files/Pods-EconoApp/Pods-EconoApp-resources.sh\"\n";
			showEnvVarsInLog = 0;
		};
/* End PBXShellScriptBuildPhase section */

/* Begin PBXSourcesBuildPhase section */
		818C75611ED3FE41006FA2E2 /* Sources */ = {
			isa = PBXSourcesBuildPhase;
			buildActionMask = 2147483647;
			files = (
				81D2E2DD1EFDD41100DCD743 /* PhoneHeights.swift in Sources */,
				813CE3061ED3FF6400CC0070 /* HTMLReaper.swift in Sources */,
				81FE5F511ED4ECEC00F29312 /* CircularTransition.swift in Sources */,
				8107889A1EF0D49F00A1B8E0 /* InterestViewController.swift in Sources */,
				8142A0DA1ED792B2007EE416 /* UITableView+Extensions.swift in Sources */,
				81FE5F451ED4ADB800F29312 /* String+Extensions.swift in Sources */,
				818C756B1ED3FE41006FA2E2 /* HomeController.swift in Sources */,
				8182E8121EFB25D700FCA387 /* GenericInfo.swift in Sources */,
				816DD8981ED609E900CCB12F /* Double+Extensions.swift in Sources */,
				81FE5F491ED4D0FE00F29312 /* UIView+Extensions.swift in Sources */,
				81FE5F471ED4B91E00F29312 /* WorldBankAPI.swift in Sources */,
				8179DB841EF9E2F9001525AF /* BaseHomeViewController.swift in Sources */,
				8142A0D81ED78B59007EE416 /* InflationViewController.swift in Sources */,
				81F9BE7A1ED62DFD00A570C7 /* BaseTableViewCell.swift in Sources */,
				8102B3A71EF9CA0200EACA31 /* LaborViewController.swift in Sources */,
				81FE5F431ED4A8AA00F29312 /* MinimumWageBrazil.swift in Sources */,
				8182E80E1EFB099900FCA387 /* UnemploymentViewController.swift in Sources */,
				8142A0D41ED77E78007EE416 /* ActivityProgressLabel.swift in Sources */,
				8142A0D61ED7859A007EE416 /* BaseInfoViewController.swift in Sources */,
				81BBE23B1ED48FD900F6E736 /* SidraAPI.swift in Sources */,
				81FE5F4B1ED4D35500F29312 /* HomeMenuTableViewCell.swift in Sources */,
				81FE5F551ED4F45E00F29312 /* UIViewController+Extensions.swift in Sources */,
				81F9BE761ED6216400A570C7 /* UILabel+Extensions.swift in Sources */,
				81FE5F4D1ED4DAB200F29312 /* UIColor+Extensions.swift in Sources */,
				81F9BE781ED6243500A570C7 /* GDPPerCapitaViewController.swift in Sources */,
				816DD8961ED5FDB000CCB12F /* GDPViewController.swift in Sources */,
				810788971EF0983A00A1B8E0 /* ChartView+Extensions.swift in Sources */,
				81FE5F571ED4F55200F29312 /* UIImage+Extensions.swift in Sources */,
				81BBE2391ED47CB800F6E736 /* SELIC.swift in Sources */,
				818C75691ED3FE41006FA2E2 /* AppDelegate.swift in Sources */,
				8144CB211EFC2F5F001952D7 /* MinimumWageViewController.swift in Sources */,
			);
			runOnlyForDeploymentPostprocessing = 0;
		};
/* End PBXSourcesBuildPhase section */

/* Begin PBXVariantGroup section */
		8144CB371EFC5090001952D7 /* Localizable.strings */ = {
			isa = PBXVariantGroup;
			children = (
				8144CB381EFC5090001952D7 /* pt-BR */,
				8144CB3B1EFC520A001952D7 /* pt-PT */,
				8144CB3D1EFC527A001952D7 /* fr */,
				8144CB3F1EFC5338001952D7 /* es */,
				8144CB411EFC53A6001952D7 /* de */,
				8144CB431EFC5479001952D7 /* it */,
			);
			name = Localizable.strings;
			sourceTree = "<group>";
		};
		818C75711ED3FE41006FA2E2 /* LaunchScreen.storyboard */ = {
			isa = PBXVariantGroup;
			children = (
				818C75721ED3FE41006FA2E2 /* Base */,
				8144CB231EFC4BCF001952D7 /* pt-BR */,
				8144CB3A1EFC520A001952D7 /* pt-PT */,
				8144CB3C1EFC527A001952D7 /* fr */,
				8144CB3E1EFC5338001952D7 /* es */,
				8144CB401EFC53A6001952D7 /* de */,
				8144CB421EFC5478001952D7 /* it */,
			);
			name = LaunchScreen.storyboard;
			sourceTree = "<group>";
		};
/* End PBXVariantGroup section */

/* Begin XCBuildConfiguration section */
		818C75751ED3FE41006FA2E2 /* Debug */ = {
			isa = XCBuildConfiguration;
			buildSettings = {
				ALWAYS_SEARCH_USER_PATHS = NO;
				CLANG_ANALYZER_LOCALIZABILITY_NONLOCALIZED = YES;
				CLANG_ANALYZER_NONNULL = YES;
				CLANG_ANALYZER_NUMBER_OBJECT_CONVERSION = YES_AGGRESSIVE;
				CLANG_CXX_LANGUAGE_STANDARD = "gnu++0x";
				CLANG_CXX_LIBRARY = "libc++";
				CLANG_ENABLE_MODULES = YES;
				CLANG_ENABLE_OBJC_ARC = YES;
				CLANG_WARN_BLOCK_CAPTURE_AUTORELEASING = YES;
				CLANG_WARN_BOOL_CONVERSION = YES;
				CLANG_WARN_COMMA = YES;
				CLANG_WARN_CONSTANT_CONVERSION = YES;
				CLANG_WARN_DIRECT_OBJC_ISA_USAGE = YES_ERROR;
				CLANG_WARN_DOCUMENTATION_COMMENTS = YES;
				CLANG_WARN_EMPTY_BODY = YES;
				CLANG_WARN_ENUM_CONVERSION = YES;
				CLANG_WARN_INFINITE_RECURSION = YES;
				CLANG_WARN_INT_CONVERSION = YES;
				CLANG_WARN_NON_LITERAL_NULL_CONVERSION = YES;
				CLANG_WARN_OBJC_LITERAL_CONVERSION = YES;
				CLANG_WARN_OBJC_ROOT_CLASS = YES_ERROR;
				CLANG_WARN_RANGE_LOOP_ANALYSIS = YES;
				CLANG_WARN_STRICT_PROTOTYPES = YES;
				CLANG_WARN_SUSPICIOUS_MOVE = YES;
				CLANG_WARN_UNREACHABLE_CODE = YES;
				CLANG_WARN__DUPLICATE_METHOD_MATCH = YES;
				"CODE_SIGN_IDENTITY[sdk=iphoneos*]" = "iPhone Developer";
				COPY_PHASE_STRIP = NO;
				DEBUG_INFORMATION_FORMAT = dwarf;
				ENABLE_STRICT_OBJC_MSGSEND = YES;
				ENABLE_TESTABILITY = YES;
				GCC_C_LANGUAGE_STANDARD = gnu99;
				GCC_DYNAMIC_NO_PIC = NO;
				GCC_NO_COMMON_BLOCKS = YES;
				GCC_OPTIMIZATION_LEVEL = 0;
				GCC_PREPROCESSOR_DEFINITIONS = (
					"DEBUG=1",
					"$(inherited)",
				);
				GCC_WARN_64_TO_32_BIT_CONVERSION = YES;
				GCC_WARN_ABOUT_RETURN_TYPE = YES_ERROR;
				GCC_WARN_UNDECLARED_SELECTOR = YES;
				GCC_WARN_UNINITIALIZED_AUTOS = YES_AGGRESSIVE;
				GCC_WARN_UNUSED_FUNCTION = YES;
				GCC_WARN_UNUSED_VARIABLE = YES;
				IPHONEOS_DEPLOYMENT_TARGET = 10.3;
				MTL_ENABLE_DEBUG_INFO = YES;
				ONLY_ACTIVE_ARCH = YES;
				SDKROOT = iphoneos;
				SWIFT_ACTIVE_COMPILATION_CONDITIONS = DEBUG;
				SWIFT_OPTIMIZATION_LEVEL = "-Onone";
			};
			name = Debug;
		};
		818C75761ED3FE41006FA2E2 /* Release */ = {
			isa = XCBuildConfiguration;
			buildSettings = {
				ALWAYS_SEARCH_USER_PATHS = NO;
				CLANG_ANALYZER_LOCALIZABILITY_NONLOCALIZED = YES;
				CLANG_ANALYZER_NONNULL = YES;
				CLANG_ANALYZER_NUMBER_OBJECT_CONVERSION = YES_AGGRESSIVE;
				CLANG_CXX_LANGUAGE_STANDARD = "gnu++0x";
				CLANG_CXX_LIBRARY = "libc++";
				CLANG_ENABLE_MODULES = YES;
				CLANG_ENABLE_OBJC_ARC = YES;
				CLANG_WARN_BLOCK_CAPTURE_AUTORELEASING = YES;
				CLANG_WARN_BOOL_CONVERSION = YES;
				CLANG_WARN_COMMA = YES;
				CLANG_WARN_CONSTANT_CONVERSION = YES;
				CLANG_WARN_DIRECT_OBJC_ISA_USAGE = YES_ERROR;
				CLANG_WARN_DOCUMENTATION_COMMENTS = YES;
				CLANG_WARN_EMPTY_BODY = YES;
				CLANG_WARN_ENUM_CONVERSION = YES;
				CLANG_WARN_INFINITE_RECURSION = YES;
				CLANG_WARN_INT_CONVERSION = YES;
				CLANG_WARN_NON_LITERAL_NULL_CONVERSION = YES;
				CLANG_WARN_OBJC_LITERAL_CONVERSION = YES;
				CLANG_WARN_OBJC_ROOT_CLASS = YES_ERROR;
				CLANG_WARN_RANGE_LOOP_ANALYSIS = YES;
				CLANG_WARN_STRICT_PROTOTYPES = YES;
				CLANG_WARN_SUSPICIOUS_MOVE = YES;
				CLANG_WARN_UNREACHABLE_CODE = YES;
				CLANG_WARN__DUPLICATE_METHOD_MATCH = YES;
				"CODE_SIGN_IDENTITY[sdk=iphoneos*]" = "iPhone Developer";
				COPY_PHASE_STRIP = NO;
				DEBUG_INFORMATION_FORMAT = "dwarf-with-dsym";
				ENABLE_NS_ASSERTIONS = NO;
				ENABLE_STRICT_OBJC_MSGSEND = YES;
				GCC_C_LANGUAGE_STANDARD = gnu99;
				GCC_NO_COMMON_BLOCKS = YES;
				GCC_WARN_64_TO_32_BIT_CONVERSION = YES;
				GCC_WARN_ABOUT_RETURN_TYPE = YES_ERROR;
				GCC_WARN_UNDECLARED_SELECTOR = YES;
				GCC_WARN_UNINITIALIZED_AUTOS = YES_AGGRESSIVE;
				GCC_WARN_UNUSED_FUNCTION = YES;
				GCC_WARN_UNUSED_VARIABLE = YES;
				IPHONEOS_DEPLOYMENT_TARGET = 10.3;
				MTL_ENABLE_DEBUG_INFO = NO;
				SDKROOT = iphoneos;
				SWIFT_OPTIMIZATION_LEVEL = "-Owholemodule";
				VALIDATE_PRODUCT = YES;
			};
			name = Release;
		};
		818C75781ED3FE41006FA2E2 /* Debug */ = {
			isa = XCBuildConfiguration;
			baseConfigurationReference = 0091FCD1819E53CE2D883199 /* Pods-EconoApp.debug.xcconfig */;
			buildSettings = {
				ASSETCATALOG_COMPILER_APPICON_NAME = AppIcon;
				CODE_SIGN_ENTITLEMENTS = EconoApp/EconoApp.entitlements;
				DEVELOPMENT_TEAM = VM6ZEZJCFF;
				INFOPLIST_FILE = EconoApp/Info.plist;
				IPHONEOS_DEPLOYMENT_TARGET = 10.3;
				LD_RUNPATH_SEARCH_PATHS = "$(inherited) @executable_path/Frameworks";
				PRODUCT_BUNDLE_IDENTIFIER = com.vinicius.EconoApp;
				PRODUCT_NAME = "$(TARGET_NAME)";
				SWIFT_VERSION = 3.0;
			};
			name = Debug;
		};
		818C75791ED3FE41006FA2E2 /* Release */ = {
			isa = XCBuildConfiguration;
			baseConfigurationReference = 60A55B90272040602560275F /* Pods-EconoApp.release.xcconfig */;
			buildSettings = {
				ASSETCATALOG_COMPILER_APPICON_NAME = AppIcon;
				CODE_SIGN_ENTITLEMENTS = EconoApp/EconoApp.entitlements;
				DEVELOPMENT_TEAM = VM6ZEZJCFF;
				INFOPLIST_FILE = EconoApp/Info.plist;
				IPHONEOS_DEPLOYMENT_TARGET = 10.3;
				LD_RUNPATH_SEARCH_PATHS = "$(inherited) @executable_path/Frameworks";
				PRODUCT_BUNDLE_IDENTIFIER = com.vinicius.EconoApp;
				PRODUCT_NAME = "$(TARGET_NAME)";
				SWIFT_VERSION = 3.0;
			};
			name = Release;
		};
/* End XCBuildConfiguration section */

/* Begin XCConfigurationList section */
		818C75601ED3FE40006FA2E2 /* Build configuration list for PBXProject "EconoApp" */ = {
			isa = XCConfigurationList;
			buildConfigurations = (
				818C75751ED3FE41006FA2E2 /* Debug */,
				818C75761ED3FE41006FA2E2 /* Release */,
			);
			defaultConfigurationIsVisible = 0;
			defaultConfigurationName = Release;
		};
		818C75771ED3FE41006FA2E2 /* Build configuration list for PBXNativeTarget "EconoApp" */ = {
			isa = XCConfigurationList;
			buildConfigurations = (
				818C75781ED3FE41006FA2E2 /* Debug */,
				818C75791ED3FE41006FA2E2 /* Release */,
			);
			defaultConfigurationIsVisible = 0;
			defaultConfigurationName = Release;
		};
/* End XCConfigurationList section */
	};
	rootObject = 818C755D1ED3FE40006FA2E2 /* Project object */;
}
